version = 1
revision = 3
requires-python = ">=3.12"

[[package]]
name = "defusedxml"
version = "0.7.1"
source = { registry = "https://pypi.org/simple" }
sdist = { url = "https://files.pythonhosted.org/packages/0f/d5/c66da9b79e5bdb124974bfe172b4daf3c984ebd9c2a06e2b8a4dc7331c72/defusedxml-0.7.1.tar.gz", hash = "sha256:1bb3032db185915b62d7c6209c5a8792be6a32ab2fedacc84e01b52c51aa3e69", size = 75520, upload-time = "2021-03-08T10:59:26.269Z" }
wheels = [
    { url = "https://files.pythonhosted.org/packages/07/6c/aa3f2f849e01cb6a001cd8554a88d4c77c5c1a31c95bdf1cf9301e6d9ef4/defusedxml-0.7.1-py2.py3-none-any.whl", hash = "sha256:a352e7e428770286cc899e2542b6cdaedb2b4953ff269a210103ec58f6198a61", size = 25604, upload-time = "2021-03-08T10:59:24.45Z" },
]

[[package]]
name = "github-workflow-python-tools"
version = "0.1.0"
source = { virtual = "." }

[package.dev-dependencies]
prek = [
    { name = "prek" },
]
python-common = [
    { name = "defusedxml" },
]
reviewdog-ruff = [
    { name = "ruff" },
]

[package.metadata]

[package.metadata.requires-dev]
prek = [{ name = "prek", specifier = "==0.3.4" }]
python-common = [{ name = "defusedxml", specifier = "==0.7.1" }]
reviewdog-ruff = [{ name = "ruff", specifier = "==0.15.5" }]

[[package]]
name = "prek"
version = "0.3.4"
source = { registry = "https://pypi.org/simple" }
sdist = { url = "https://files.pythonhosted.org/packages/c6/51/2324eaad93a4b144853ca1c56da76f357d3a70c7b4fd6659e972d7bb8660/prek-0.3.4.tar.gz", hash = "sha256:56a74d02d8b7dfe3c774ecfcd8c1b4e5f1e1b84369043a8003e8e3a779fce72d", size = 356633, upload-time = "2026-02-28T03:47:13.452Z" }
wheels = [
    { url = "https://files.pythonhosted.org/packages/09/20/1a964cb72582307c2f1dc7f583caab90f42810ad41551e5220592406a4c3/prek-0.3.4-py3-none-linux_armv6l.whl", hash = "sha256:c35192d6e23fe7406bd2f333d1c7dab1a4b34ab9289789f453170f33550aa74d", size = 4641915, upload-time = "2026-02-28T03:47:03.772Z" },
    { url = "https://files.pythonhosted.org/packages/c5/cb/4a21f37102bac37e415b61818344aa85de8d29a581253afa7db8c08d5a33/prek-0.3.4-py3-none-macosx_10_12_x86_64.whl", hash = "sha256:6f784d78de72a8bbe58a5fe7bde787c364ae88f0aff5222c5c5c7287876c510a", size = 4649166, upload-time = "2026-02-28T03:47:06.164Z" },
    { url = "https://files.pythonhosted.org/packages/85/9c/a7c0d117a098d57931428bdb60fcb796e0ebc0478c59288017a2e22eca96/prek-0.3.4-py3-none-macosx_11_0_arm64.whl", hash = "sha256:50a43f522625e8c968e8c9992accf9e29017abad6c782d6d176b73145ad680b7", size = 4274422, upload-time = "2026-02-28T03:46:59.356Z" },
    { url = "https://files.pythonhosted.org/packages/59/84/81d06df1724d09266df97599a02543d82fde7dfaefd192f09d9b2ccb092f/prek-0.3.4-py3-none-manylinux_2_17_aarch64.manylinux2014_aarch64.musllinux_1_1_aarch64.whl", hash = "sha256:4bbb1d3912a88935f35c6ba4466b4242732e3e3a8c608623c708e83cea85de00", size = 4629873, upload-time = "2026-02-28T03:46:56.419Z" },
    { url = "https://files.pythonhosted.org/packages/09/cd/bb0aefa25cfacd8dbced75b9a9d9945707707867fa5635fb69ae1bbc2d88/prek-0.3.4-py3-none-manylinux_2_17_armv7l.manylinux2014_armv7l.whl", hash = "sha256:ca4d4134db8f6e8de3c418317becdf428957e3cab271807f475318105fd46d04", size = 4552507, upload-time = "2026-02-28T03:47:05.004Z" },
    { url = "https://files.pythonhosted.org/packages/9b/c0/578a7af4861afb64ec81c03bfdcc1bb3341bb61f2fff8a094ecf13987a56/prek-0.3.4-py3-none-manylinux_2_17_i686.manylinux2014_i686.whl", hash = "sha256:7fb6395f6eb76133bb1e11fc718db8144522466cdc2e541d05e7813d1bbcae7d", size = 4865929, upload-time = "2026-02-28T03:47:09.231Z" },
    { url = "https://files.pythonhosted.org/packages/fc/48/f169406590028f7698ef2e1ff5bffd92ca05e017636c1163a2f5ef0f8275/prek-0.3.4-py3-none-manylinux_2_17_s390x.manylinux2014_s390x.whl", hash = "sha256:aae17813239ddcb4ae7b38418de4d49afff740f48f8e0556029c96f58e350412", size = 5390286, upload-time = "2026-02-28T03:47:10.796Z" },
    { url = "https://files.pythonhosted.org/packages/05/c5/98a73fec052059c3ae06ce105bef67caca42334c56d84e9ef75df72ba152/prek-0.3.4-py3-none-manylinux_2_17_x86_64.manylinux2014_x86_64.whl", hash = "sha256:10a621a690d9c127afc3d21c275030d364d1fbef3296c095068d3ae80a59546e", size = 4891028, upload-time = "2026-02-28T03:47:07.916Z" },
    { url = "https://files.pythonhosted.org/packages/a3/b4/029966e35e59b59c142be7e1d2208ad261709ac1a66aa4a3ce33c5b9f91f/prek-0.3.4-py3-none-manylinux_2_28_aarch64.whl", hash = "sha256:d978c31bc3b1f0b3d58895b7c6ac26f077e0ea846da54f46aeee4c7088b1b105", size = 4633986, upload-time = "2026-02-28T03:47:14.351Z" },
    { url = "https://files.pythonhosted.org/packages/1d/27/d122802555745b6940c99fcb41496001c192ddcdf56ec947ec10a0298e05/prek-0.3.4-py3-none-manylinux_2_31_riscv64.whl", hash = "sha256:a8e089a030f0a023c22a4bb2ec4ff3fcc153585d701cff67acbfca2f37e173ae", size = 4680722, upload-time = "2026-02-28T03:47:12.224Z" },
    { url = "https://files.pythonhosted.org/packages/34/40/92318c96b3a67b4e62ed82741016ede34d97ea9579d3cc1332b167632222/prek-0.3.4-py3-none-musllinux_1_1_armv7l.whl", hash = "sha256:8060c72b764f0b88112616763da9dd3a7c293e010f8520b74079893096160a2f", size = 4535623, upload-time = "2026-02-28T03:46:52.221Z" },
    { url = "https://files.pythonhosted.org/packages/df/f5/6b383d94e722637da4926b4f609d36fe432827bb6f035ad46ee02bde66b6/prek-0.3.4-py3-none-musllinux_1_1_i686.whl", hash = "sha256:65b23268456b5a763278d4e1ec532f2df33918f13ded85869a1ddff761eb9697", size = 4729879, upload-time = "2026-02-28T03:46:57.886Z" },
    { url = "https://files.pythonhosted.org/packages/79/f8/fdc705b807d813fd713ffa4f67f96741542ed1dafbb221206078c06f3df4/prek-0.3.4-py3-none-musllinux_1_1_x86_64.whl", hash = "sha256:3975c61139c7b3200e38dc3955e050b0f2615701d3deb9715696a902e850509e", size = 5001569, upload-time = "2026-02-28T03:47:00.892Z" },
    { url = "https://files.pythonhosted.org/packages/84/92/b007a41f58e8192a1e611a21b396ad870d51d7873b7af12068ebae7fc15f/prek-0.3.4-py3-none-win32.whl", hash = "sha256:37449ae82f4dc08b72e542401e3d7318f05d1163e87c31ab260a40f425d6516e", size = 4297057, upload-time = "2026-02-28T03:47:02.219Z" },
    { url = "https://files.pythonhosted.org/packages/bb/dc/bcb02de9b11461e8e0c7d3c8fdf8cfa15ac6efe73472a4375549ba5defd2/prek-0.3.4-py3-none-win_amd64.whl", hash = "sha256:60e9aa86ca65de963510ae28c5d94b9d7a97bcbaa6e4cdb5bf5083ed4c45dc71", size = 4655174, upload-time = "2026-02-28T03:46:53.749Z" },
    { url = "https://files.pythonhosted.org/packages/0b/86/98f5598569f4cd3de7161e266fab6a8981e65555f79d4704810c1502ad0a/prek-0.3.4-py3-none-win_arm64.whl", hash = "sha256:486bdae8f4512d3b4f6eb61b83e5b7595da2adca385af4b2b7823c0ab38d1827", size = 4367817, upload-time = "2026-02-28T03:46:55.264Z" },
]

[[package]]
name = "ruff"
version = "0.15.5"
source = { registry = "https://pypi.org/simple" }
sdist = { url = "https://files.pythonhosted.org/packages/77/9b/840e0039e65fcf12758adf684d2289024d6140cde9268cc59887dc55189c/ruff-0.15.5.tar.gz", hash = "sha256:7c3601d3b6d76dce18c5c824fc8d06f4eef33d6df0c21ec7799510cde0f159a2", size = 4574214, upload-time = "2026-03-05T20:06:34.946Z" }
wheels = [
    { url = "https://files.pythonhosted.org/packages/47/20/5369c3ce21588c708bcbe517a8fbe1a8dfdb5dfd5137e14790b1da71612c/ruff-0.15.5-py3-none-linux_armv6l.whl", hash = "sha256:4ae44c42281f42e3b06b988e442d344a5b9b72450ff3c892e30d11b29a96a57c", size = 10478185, upload-time = "2026-03-05T20:06:29.093Z" },
    { url = "https://files.pythonhosted.org/packages/44/ed/e81dd668547da281e5dce710cf0bc60193f8d3d43833e8241d006720e42b/ruff-0.15.5-py3-none-macosx_10_12_x86_64.whl", hash = "sha256:6edd3792d408ebcf61adabc01822da687579a1a023f297618ac27a5b51ef0080", size = 10859201, upload-time = "2026-03-05T20:06:32.632Z" },
    { url = "https://files.pythonhosted.org/packages/c4/8f/533075f00aaf19b07c5cd6aa6e5d89424b06b3b3f4583bfa9c640a079059/ruff-0.15.5-py3-none-macosx_11_0_arm64.whl", hash = "sha256:89f463f7c8205a9f8dea9d658d59eff49db05f88f89cc3047fb1a02d9f344010", size = 10184752, upload-time = "2026-03-05T20:06:40.312Z" },
    { url = "https://files.pythonhosted.org/packages/66/0e/ba49e2c3fa0395b3152bad634c7432f7edfc509c133b8f4529053ff024fb/ruff-0.15.5-py3-none-manylinux_2_17_aarch64.manylinux2014_aarch64.whl", hash = "sha256:ba786a8295c6574c1116704cf0b9e6563de3432ac888d8f83685654fe528fd65", size = 10534857, upload-time = "2026-03-05T20:06:19.581Z" },
    { url = "https://files.pythonhosted.org/packages/59/71/39234440f27a226475a0659561adb0d784b4d247dfe7f43ffc12dd02e288/ruff-0.15.5-py3-none-manylinux_2_17_armv7l.manylinux2014_armv7l.whl", hash = "sha256:fd4b801e57955fe9f02b31d20375ab3a5c4415f2e5105b79fb94cf2642c91440", size = 10309120, upload-time = "2026-03-05T20:06:00.435Z" },
    { url = "https://files.pythonhosted.org/packages/f5/87/4140aa86a93df032156982b726f4952aaec4a883bb98cb6ef73c347da253/ruff-0.15.5-py3-none-manylinux_2_17_i686.manylinux2014_i686.whl", hash = "sha256:391f7c73388f3d8c11b794dbbc2959a5b5afe66642c142a6effa90b45f6f5204", size = 11047428, upload-time = "2026-03-05T20:05:51.867Z" },
    { url = "https://files.pythonhosted.org/packages/5a/f7/4953e7e3287676f78fbe85e3a0ca414c5ca81237b7575bdadc00229ac240/ruff-0.15.5-py3-none-manylinux_2_17_ppc64le.manylinux2014_ppc64le.whl", hash = "sha256:8dc18f30302e379fe1e998548b0f5e9f4dff907f52f73ad6da419ea9c19d66c8", size = 11914251, upload-time = "2026-03-05T20:06:22.887Z" },
    { url = "https://files.pythonhosted.org/packages/77/46/0f7c865c10cf896ccf5a939c3e84e1cfaeed608ff5249584799a74d33835/ruff-0.15.5-py3-none-manylinux_2_17_s390x.manylinux2014_s390x.whl", hash = "sha256:1cc6e7f90087e2d27f98dc34ed1b3ab7c8f0d273cc5431415454e22c0bd2a681", size = 11333801, upload-time = "2026-03-05T20:05:57.168Z" },
    { url = "https://files.pythonhosted.org/packages/d3/01/a10fe54b653061585e655f5286c2662ebddb68831ed3eaebfb0eb08c0a16/ruff-0.15.5-py3-none-manylinux_2_17_x86_64.manylinux2014_x86_64.whl", hash = "sha256:c1cb7169f53c1ddb06e71a9aebd7e98fc0fea936b39afb36d8e86d36ecc2636a", size = 11206821, upload-time = "2026-03-05T20:06:03.441Z" },
    { url = "https://files.pythonhosted.org/packages/7a/0d/2132ceaf20c5e8699aa83da2706ecb5c5dcdf78b453f77edca7fb70f8a93/ruff-0.15.5-py3-none-manylinux_2_31_riscv64.whl", hash = "sha256:9b037924500a31ee17389b5c8c4d88874cc6ea8e42f12e9c61a3d754ff72f1ca", size = 11133326, upload-time = "2026-03-05T20:06:25.655Z" },
    { url = "https://files.pythonhosted.org/packages/72/cb/2e5259a7eb2a0f87c08c0fe5bf5825a1e4b90883a52685524596bfc93072/ruff-0.15.5-py3-none-musllinux_1_2_aarch64.whl", hash = "sha256:65bb414e5b4eadd95a8c1e4804f6772bbe8995889f203a01f77ddf2d790929dd", size = 10510820, upload-time = "2026-03-05T20:06:37.79Z" },
    { url = "https://files.pythonhosted.org/packages/ff/20/b67ce78f9e6c59ffbdb5b4503d0090e749b5f2d31b599b554698a80d861c/ruff-0.15.5-py3-none-musllinux_1_2_armv7l.whl", hash = "sha256:d20aa469ae3b57033519c559e9bc9cd9e782842e39be05b50e852c7c981fa01d", size = 10302395, upload-time = "2026-03-05T20:05:54.504Z" },
    { url = "https://files.pythonhosted.org/packages/5f/e5/719f1acccd31b720d477751558ed74e9c88134adcc377e5e886af89d3072/ruff-0.15.5-py3-none-musllinux_1_2_i686.whl", hash = "sha256:15388dd28c9161cdb8eda68993533acc870aa4e646a0a277aa166de9ad5a8752", size = 10754069, upload-time = "2026-03-05T20:06:06.422Z" },
    { url = "https://files.pythonhosted.org/packages/c3/9c/d1db14469e32d98f3ca27079dbd30b7b44dbb5317d06ab36718dee3baf03/ruff-0.15.5-py3-none-musllinux_1_2_x86_64.whl", hash = "sha256:b30da330cbd03bed0c21420b6b953158f60c74c54c5f4c1dabbdf3a57bf355d2", size = 11304315, upload-time = "2026-03-05T20:06:10.867Z" },
    { url = "https://files.pythonhosted.org/packages/28/3a/950367aee7c69027f4f422059227b290ed780366b6aecee5de5039d50fa8/ruff-0.15.5-py3-none-win32.whl", hash = "sha256:732e5ee1f98ba5b3679029989a06ca39a950cced52143a0ea82a2102cb592b74", size = 10551676, upload-time = "2026-03-05T20:06:13.705Z" },
    { url = "https://files.pythonhosted.org/packages/b8/00/bf077a505b4e649bdd3c47ff8ec967735ce2544c8e4a43aba42ee9bf935d/ruff-0.15.5-py3-none-win_amd64.whl", hash = "sha256:821d41c5fa9e19117616c35eaa3f4b75046ec76c65e7ae20a333e9a8696bc7fe", size = 11678972, upload-time = "2026-03-05T20:06:45.379Z" },
    { url = "https://files.pythonhosted.org/packages/fe/4e/cd76eca6db6115604b7626668e891c9dd03330384082e33662fb0f113614/ruff-0.15.5-py3-none-win_arm64.whl", hash = "sha256:b498d1c60d2fe5c10c45ec3f698901065772730b411f164ae270bb6bfcc4740b", size = 10965572, upload-time = "2026-03-05T20:06:16.984Z" },
]
