version = 1
revision = 3
requires-python = ">=3.12"

[[package]]
name = "defusedxml"
version = "0.7.1"
source = { registry = "https://pypi.org/simple" }
sdist = { url = "https://files.pythonhosted.org/packages/0f/d5/c66da9b79e5bdb124974bfe172b4daf3c984ebd9c2a06e2b8a4dc7331c72/defusedxml-0.7.1.tar.gz", hash = "sha256:1bb3032db185915b62d7c6209c5a8792be6a32ab2fedacc84e01b52c51aa3e69", size = 75520, upload-time = "2021-03-08T10:59:26.269Z" }
wheels = [
    { url = "https://files.pythonhosted.org/packages/07/6c/aa3f2f849e01cb6a001cd8554a88d4c77c5c1a31c95bdf1cf9301e6d9ef4/defusedxml-0.7.1-py2.py3-none-any.whl", hash = "sha256:a352e7e428770286cc899e2542b6cdaedb2b4953ff269a210103ec58f6198a61", size = 25604, upload-time = "2021-03-08T10:59:24.45Z" },
]

[[package]]
name = "github-workflow-python-tools"
version = "0.1.0"
source = { virtual = "." }

[package.dev-dependencies]
prek = [
    { name = "prek" },
]
python-common = [
    { name = "defusedxml" },
]
reviewdog-ruff = [
    { name = "ruff" },
]

[package.metadata]

[package.metadata.requires-dev]
prek = [{ name = "prek", specifier = "==0.4.9" }]
python-common = [{ name = "defusedxml", specifier = "==0.7.1" }]
reviewdog-ruff = [{ name = "ruff", specifier = "==0.15.21" }]

[[package]]
name = "prek"
version = "0.4.9"
source = { registry = "https://pypi.org/simple" }
sdist = { url = "https://files.pythonhosted.org/packages/ea/df/94ed29398576e03494c5aacda8bfed9536edf348bed29cd09f382f2b9b23/prek-0.4.9.tar.gz", hash = "sha256:f8b86441484a5756f3fdb6f3b201d3d448f8845902a84653d78cbf6f875c424f", size = 492711, upload-time = "2026-07-11T11:04:04.332Z" }
wheels = [
    { url = "https://files.pythonhosted.org/packages/10/02/632446b72103daf92526203bf83cb76043ebce70588632aa2aea3741da07/prek-0.4.9-py3-none-linux_armv6l.whl", hash = "sha256:7b240ad6f679104309a944c4dd427ccc46d9aaf4f53ee07379c02bf7578c2750", size = 5637604, upload-time = "2026-07-11T11:03:38.985Z" },
    { url = "https://files.pythonhosted.org/packages/57/bf/89daefc85a1db9b8c525731c77121de0a8f57731e81c99d823e919e1f6a5/prek-0.4.9-py3-none-macosx_10_12_x86_64.whl", hash = "sha256:5cbb220d6d77cb047747dcabf421375fdfdd958e01a998a854758698d38fb239", size = 5960396, upload-time = "2026-07-11T11:03:40.953Z" },
    { url = "https://files.pythonhosted.org/packages/42/39/0e448da00671e77740be32cca96530ef64bcdbed178acce7f155b87f6057/prek-0.4.9-py3-none-macosx_11_0_arm64.whl", hash = "sha256:fd85df4c186becdc47b2e6155de8cace99133c7517387e30f08ca15b93ead11f", size = 5524982, upload-time = "2026-07-11T11:03:42.605Z" },
    { url = "https://files.pythonhosted.org/packages/71/e5/1beceff9cfcf02817c06f38e726c9875cd003f62cbfa516f282fb3c3109b/prek-0.4.9-py3-none-manylinux_2_17_aarch64.manylinux2014_aarch64.musllinux_1_1_aarch64.whl", hash = "sha256:ba40511145e948d461d6641b556b6ff671b186b0c90743600b9dcb788dd5eb5c", size = 5793691, upload-time = "2026-07-11T11:03:44.106Z" },
    { url = "https://files.pythonhosted.org/packages/7e/17/99e4884c45c46be90e81e220d2bdd5020716963707ef6702361cc398dd91/prek-0.4.9-py3-none-manylinux_2_17_armv7l.manylinux2014_armv7l.whl", hash = "sha256:0cc5c06ae448568d076bb5e7ce4d630879d6467b2a89fd79061c349a47826efa", size = 5544549, upload-time = "2026-07-11T11:03:45.564Z" },
    { url = "https://files.pythonhosted.org/packages/0c/4b/63f5fe22d867a6e07b12e8a7887a0f3b193c2ef0fa9ed80649f2d257f4ac/prek-0.4.9-py3-none-manylinux_2_17_i686.manylinux2014_i686.whl", hash = "sha256:31af616c216ec7e47913802b082ca816d707d24738fa58eae0463ae296cbe71e", size = 5948798, upload-time = "2026-07-11T11:03:47.424Z" },
    { url = "https://files.pythonhosted.org/packages/1f/89/90d5005436afb6ab99d3ba6599820fe0f0fcb776f5e9e362b5a19e10cbea/prek-0.4.9-py3-none-manylinux_2_17_s390x.manylinux2014_s390x.whl", hash = "sha256:a1ef842d7f19879fac2135c42ba15508f2677346ba800bc8bb82e5f43fe6a6ec", size = 6696938, upload-time = "2026-07-11T11:03:49Z" },
    { url = "https://files.pythonhosted.org/packages/2a/62/068dd25e1106e262b0ce69ffcdc594cf52d85aa13f64628f851e458980d4/prek-0.4.9-py3-none-manylinux_2_17_x86_64.manylinux2014_x86_64.whl", hash = "sha256:442ecf6a454c692bc8a2d5a16936a0fe8e3419727ff208e15818932acca9923a", size = 6170870, upload-time = "2026-07-11T11:03:50.407Z" },
    { url = "https://files.pythonhosted.org/packages/8e/42/bb1f3f3d84af4d12bb675ff071305fa776d3525c10626465d9960ad93c21/prek-0.4.9-py3-none-manylinux_2_28_aarch64.whl", hash = "sha256:5b3c590252e3d5724ebed3774695712ff7cb554743b25184808aa5f42b06bd4c", size = 5800355, upload-time = "2026-07-11T11:03:51.882Z" },
    { url = "https://files.pythonhosted.org/packages/a5/ca/dfc8312b4a7ce8fa100ce37a843279d108eec7e7fe2ddbe069448acd1642/prek-0.4.9-py3-none-manylinux_2_31_riscv64.whl", hash = "sha256:1dd283b15dec4da29caa3910bd72c8c9d7df93209770503465ad109d6370cb8e", size = 5655126, upload-time = "2026-07-11T11:03:53.388Z" },
    { url = "https://files.pythonhosted.org/packages/25/8a/b19413cb64b81c18502ea7bbef32897f9126b8e53b58cd656996573dc53c/prek-0.4.9-py3-none-musllinux_1_1_armv7l.whl", hash = "sha256:cc25e30e1700a5c7dd9bad665c321e5589b51502bb1bbc6ada45e326d08b428b", size = 5517839, upload-time = "2026-07-11T11:03:54.884Z" },
    { url = "https://files.pythonhosted.org/packages/94/af/900df3f7535e87045df331646c6a01bef6e77dba7f2bdb53483f30cbb988/prek-0.4.9-py3-none-musllinux_1_1_i686.whl", hash = "sha256:4ff5947deeb9a92e6508dfba8b27962dfb927bf60fd36472c9ae862df96fb38c", size = 5802556, upload-time = "2026-07-11T11:03:56.787Z" },
    { url = "https://files.pythonhosted.org/packages/e9/7b/80e560cbe396d0f8687012769cb2d7d7f3428dd019549225ebf205dea806/prek-0.4.9-py3-none-musllinux_1_1_x86_64.whl", hash = "sha256:8320ca167d41855d9c4fed66df599f31f96307cbb0da1311a9fe465152e20bd5", size = 6285747, upload-time = "2026-07-11T11:03:58.099Z" },
    { url = "https://files.pythonhosted.org/packages/a3/d4/01ae3b99d09559a69befd128859d0036c604608dd9c6c99986592dde3c21/prek-0.4.9-py3-none-win32.whl", hash = "sha256:b1e8d3bc88ddce6414853468ed8126f45d4ae20f2f4677801ade20ad67a826fa", size = 5320862, upload-time = "2026-07-11T11:03:59.803Z" },
    { url = "https://files.pythonhosted.org/packages/28/68/d038b14f0220fed197be8bc93229e6ea7ad460803ff8a26e4b14a8c81f66/prek-0.4.9-py3-none-win_amd64.whl", hash = "sha256:ed1b4f87a13d1565e8731c60db7fa058966049cbb4d8872d160add510a286558", size = 5706850, upload-time = "2026-07-11T11:04:01.207Z" },
    { url = "https://files.pythonhosted.org/packages/02/4a/57d04de49f591088901794cc22f36563a102681e3512ae17ee6085cd2f30/prek-0.4.9-py3-none-win_arm64.whl", hash = "sha256:7eab3900d9ea614c8ea0d0d55a8b708f0c88e43c966dc8b13a4e36c1e398dd16", size = 5540477, upload-time = "2026-07-11T11:04:02.815Z" },
]

[[package]]
name = "ruff"
version = "0.15.21"
source = { registry = "https://pypi.org/simple" }
sdist = { url = "https://files.pythonhosted.org/packages/0f/36/6f65aa9989acdec45d417192d8f4e7921931d8a6cf87ac74bce3eed98a8e/ruff-0.15.21.tar.gz", hash = "sha256:d0cfc841c572283c36548f82664a54ce6565567f1b0d5b4cf2caac693d8b7500", size = 4769401, upload-time = "2026-07-09T20:01:34.005Z" }
wheels = [
    { url = "https://files.pythonhosted.org/packages/d0/c6/ede15cac6839f3dbce52565c8f5164a8210e669c7bc4decb03e5bdf47d0d/ruff-0.15.21-py3-none-linux_armv6l.whl", hash = "sha256:63ea0e965e5d73c90e95b2434beeafc70820536717f561b32ab6e777cb9bdf5d", size = 10854342, upload-time = "2026-07-09T20:00:53.998Z" },
    { url = "https://files.pythonhosted.org/packages/28/9d/d825b07ee7ea9e2d61df92a860033c94e06e7300d50a1c2653aac27d24fe/ruff-0.15.21-py3-none-macosx_10_12_x86_64.whl", hash = "sha256:0f212c5d7d54c01bbfe6dcab02b724a39300f3e34ed7acbe995ccb320a2c58bd", size = 11139539, upload-time = "2026-07-09T20:00:57.809Z" },
    { url = "https://files.pythonhosted.org/packages/f5/de/3b107712e642f063c7a9e0887c427b22cb44097de5aab36c05f2e280670c/ruff-0.15.21-py3-none-macosx_11_0_arm64.whl", hash = "sha256:e6312e41bc96791299614995ea3a977c5857c3b5662b1ecef6755b02b87cb646", size = 10595437, upload-time = "2026-07-09T20:01:00.006Z" },
    { url = "https://files.pythonhosted.org/packages/9a/6f/b4523cc90ba239ede441447a19d0c968846a3012e5a0b0c5b62831a3d5e3/ruff-0.15.21-py3-none-manylinux_2_17_aarch64.manylinux2014_aarch64.whl", hash = "sha256:01d65b4831c6b2a4ba8ee6faa84049d44d982b7a706e622c4094c509e51673be", size = 10990053, upload-time = "2026-07-09T20:01:02.187Z" },
    { url = "https://files.pythonhosted.org/packages/92/cc/c6a9872a5375f0628875481cf2f66b13d7d865bf3ca2e57f91c7e762d976/ruff-0.15.21-py3-none-manylinux_2_17_armv7l.manylinux2014_armv7l.whl", hash = "sha256:2c5a913a589120ce67933d5d05fd6ddbcc2481c6a054980ee767f7414c72b4fd", size = 10666096, upload-time = "2026-07-09T20:01:04.299Z" },
    { url = "https://files.pythonhosted.org/packages/ab/97/c621f7a17e097f1790fa3af6374138823b330b2d03fc38337945daca212c/ruff-0.15.21-py3-none-manylinux_2_17_i686.manylinux2014_i686.whl", hash = "sha256:5ef04b681d02ad4dc9620f00f83ac5c22f652d0e9a9cfe431d219b16ad5ccc41", size = 11537011, upload-time = "2026-07-09T20:01:06.771Z" },
    { url = "https://files.pythonhosted.org/packages/ea/51/d928727e476e25ccc57c6f449ffd80241a651a973ad949d39cfb2a771d28/ruff-0.15.21-py3-none-manylinux_2_17_ppc64le.manylinux2014_ppc64le.whl", hash = "sha256:16d090c0740916594157e75b80d666eab8e78083b39b3b0e1d698f4670a17b86", size = 12347101, upload-time = "2026-07-09T20:01:08.859Z" },
    { url = "https://files.pythonhosted.org/packages/1e/88/8cd62026802b16018ad06931d87997cf795ba2a6239ab659606c87d96bf0/ruff-0.15.21-py3-none-manylinux_2_17_s390x.manylinux2014_s390x.whl", hash = "sha256:3a10e74757dd65004d779b73e2f3c5210156d9980b41224d50d2ebcf1db51e67", size = 11572001, upload-time = "2026-07-09T20:01:11.092Z" },
    { url = "https://files.pythonhosted.org/packages/b2/97/f63084cf55444fc110e8cb985ebfcc592af47f597d44453d778cb81bc156/ruff-0.15.21-py3-none-manylinux_2_17_x86_64.manylinux2014_x86_64.whl", hash = "sha256:bab0905d2f29e0d9fbc3c373ed23db0095edaa3f71f1f4f519ec15134d9e85c8", size = 11549239, upload-time = "2026-07-09T20:01:13.27Z" },
    { url = "https://files.pythonhosted.org/packages/9d/77/f107da4a2874b7715914b03f09ba9c54424de3ff8a1cc5d015d3ee2ce0ac/ruff-0.15.21-py3-none-manylinux_2_31_riscv64.whl", hash = "sha256:00eca240af5789fec6fe7df74c088cc1f9644ed83027113468efba7c92b94075", size = 11535340, upload-time = "2026-07-09T20:01:15.206Z" },
    { url = "https://files.pythonhosted.org/packages/d5/e9/601deb322d3303a7bf212b0100ead6f2ee3f6a044d89c30f2f92bf83c731/ruff-0.15.21-py3-none-musllinux_1_2_aarch64.whl", hash = "sha256:262ab31557a75141325e32d3357f3597645a7f084e732b6b054dde428ecd9341", size = 10964048, upload-time = "2026-07-09T20:01:17.723Z" },
    { url = "https://files.pythonhosted.org/packages/ea/2e/0f2176d1e99c15192caea19c8c3a0a955246b4cb4de795042eeb616345cd/ruff-0.15.21-py3-none-musllinux_1_2_armv7l.whl", hash = "sha256:659c4e7a4212f83306045ec7c5e5a356d16d9a6ef4ae0c7a4d872914fc655d9d", size = 10667055, upload-time = "2026-07-09T20:01:19.73Z" },
    { url = "https://files.pythonhosted.org/packages/48/60/abd74a02e0c4214f12a68becfd30af7165cfdcb0e661ecdc60bbb949c09a/ruff-0.15.21-py3-none-musllinux_1_2_i686.whl", hash = "sha256:9e866eab611a5f959d36df2d10e446973a3610bc42b0c15b31dc27977d59c233", size = 11242043, upload-time = "2026-07-09T20:01:21.947Z" },
    { url = "https://files.pythonhosted.org/packages/b2/c6/583075d8ccabb4b229345edcaf1545eb3d8d6be90f686a479d7e94088bbf/ruff-0.15.21-py3-none-musllinux_1_2_x86_64.whl", hash = "sha256:e89bc93c0d3803ba870b55c29671bad9dc6d94bb1eb181b056b52eb05b52854f", size = 11648064, upload-time = "2026-07-09T20:01:24.023Z" },
    { url = "https://files.pythonhosted.org/packages/3a/3c/37d0ecb729a7cc2d393ea7dce316fc585680f35d93b8d62139d7d0a3700c/ruff-0.15.21-py3-none-win32.whl", hash = "sha256:01f8d5be84823c172b389e123174f781f9daf86d6c58719d603f941932195cdd", size = 10896555, upload-time = "2026-07-09T20:01:26.941Z" },
    { url = "https://files.pythonhosted.org/packages/c0/b8/e43466b2a6067ce91e669068f6e28d6c719a920f014b070d5c8731725de3/ruff-0.15.21-py3-none-win_amd64.whl", hash = "sha256:d4b8d9a2f0f12b816b50447f6eccb9f4bb01a6b82c86b50fb3b5354b458dc6d3", size = 12038772, upload-time = "2026-07-09T20:01:29.497Z" },
    { url = "https://files.pythonhosted.org/packages/dd/75/e90ab9aeece218a9fc5a5bc3ec97d0ee6bb3c4ff95869463c1de58e29a1c/ruff-0.15.21-py3-none-win_arm64.whl", hash = "sha256:6e83115d4b9377c1cbc13abf0e051f069fab0ef815ea0504a8a008cee24dd0a8", size = 11375265, upload-time = "2026-07-09T20:01:31.772Z" },
]
